
Microsoft Visual Studio Solution File, Format Version 12.00
# Visual Studio Version 17
VisualStudioVersion = 17.5.33424.131
MinimumVisualStudioVersion = 10.0.40219.1
Project("{2150E333-8FDC-42A3-9474-1A3956D46DE8}") = "DOC", "DOC", "{7592DFDD-A6C1-4F59-8245-18681D0BE52E}"
	ProjectSection(SolutionItems) = preProject
		DC에대한이해.txt = DC에대한이해.txt
		델타타임.txt = 델타타임.txt
		프로젝트 구성.txt = 프로젝트 구성.txt
	EndProjectSection
EndProject
Project("{2150E333-8FDC-42A3-9474-1A3956D46DE8}") = "Level0", "Level0", "{6CC2D2DB-7774-4991-B64D-CF02C10A28BC}"
EndProject
Project("{2150E333-8FDC-42A3-9474-1A3956D46DE8}") = "Level1", "Level1", "{9612FCA4-0C47-47B6-ABF2-0C08A91CF701}"
EndProject
Project("{2150E333-8FDC-42A3-9474-1A3956D46DE8}") = "Level2", "Level2", "{C1F5D146-01BD-464F-A1AD-0DBA4B242DE0}"
EndProject
Project("{2150E333-8FDC-42A3-9474-1A3956D46DE8}") = "Level3", "Level3", "{4CF92DB4-3A44-40C8-B352-C5275C84F678}"
	ProjectSection(SolutionItems) = preProject
		Level.txt = Level.txt
	EndProjectSection
EndProject
Project("{2150E333-8FDC-42A3-9474-1A3956D46DE8}") = "Level4", "Level4", "{63CE95E6-B1B0-4F3B-8F2D-C246DC568106}"
EndProject
Project("{8BC9CEB8-8B4A-11D0-8D11-00A0C91BC942}") = "GameEngineApp", "GameEngineApp\GameEngineApp.vcxproj", "{8143011A-3EE0-43E8-863D-52E8FD3AF19A}"
EndProject
Project("{8BC9CEB8-8B4A-11D0-8D11-00A0C91BC942}") = "GameEnginePlatform", "GameEnginePlatform\GameEnginePlatform.vcxproj", "{A4198B71-D72C-4C1A-9FA2-6A2A1290C0E7}"
EndProject
Project("{8BC9CEB8-8B4A-11D0-8D11-00A0C91BC942}") = "GameEngineCore", "GameEngineCore\GameEngineCore.vcxproj", "{25420802-CA45-42A3-9D95-42F2A0BD9D5B}"
EndProject
Project("{8BC9CEB8-8B4A-11D0-8D11-00A0C91BC942}") = "GameEngineContents", "GameEngineContents\GameEngineContents.vcxproj", "{C01F45AA-4D17-4F5E-8A65-81CC34F5FC66}"
EndProject
Project("{2150E333-8FDC-42A3-9474-1A3956D46DE8}") = "text", "text", "{DCDA22D7-CEF0-4FB6-BFF2-29E4C3DD6A2B}"
	ProjectSection(SolutionItems) = preProject
		0427수업.txt = 0427수업.txt
		0503수업.txt = 0503수업.txt
		0504.txt = 0504.txt
		0509.txt = 0509.txt
	EndProjectSection
EndProject
Project("{8BC9CEB8-8B4A-11D0-8D11-00A0C91BC942}") = "GameEngineBase", "GameEngineBase\GameEngineBase.vcxproj", "{5383C252-B09C-4E86-B5EF-2D89B34A77A8}"
EndProject
Global
	GlobalSection(SolutionConfigurationPlatforms) = preSolution
		Debug|x64 = Debug|x64
		Debug|x86 = Debug|x86
		Release|x64 = Release|x64
		Release|x86 = Release|x86
	EndGlobalSection
	GlobalSection(ProjectConfigurationPlatforms) = postSolution
		{8143011A-3EE0-43E8-863D-52E8FD3AF19A}.Debug|x64.ActiveCfg = Debug|x64
		{8143011A-3EE0-43E8-863D-52E8FD3AF19A}.Debug|x64.Build.0 = Debug|x64
		{8143011A-3EE0-43E8-863D-52E8FD3AF19A}.Debug|x86.ActiveCfg = Debug|Win32
		{8143011A-3EE0-43E8-863D-52E8FD3AF19A}.Debug|x86.Build.0 = Debug|Win32
		{8143011A-3EE0-43E8-863D-52E8FD3AF19A}.Release|x64.ActiveCfg = Release|x64
		{8143011A-3EE0-43E8-863D-52E8FD3AF19A}.Release|x64.Build.0 = Release|x64
		{8143011A-3EE0-43E8-863D-52E8FD3AF19A}.Release|x86.ActiveCfg = Release|Win32
		{8143011A-3EE0-43E8-863D-52E8FD3AF19A}.Release|x86.Build.0 = Release|Win32
		{A4198B71-D72C-4C1A-9FA2-6A2A1290C0E7}.Debug|x64.ActiveCfg = Debug|x64
		{A4198B71-D72C-4C1A-9FA2-6A2A1290C0E7}.Debug|x64.Build.0 = Debug|x64
		{A4198B71-D72C-4C1A-9FA2-6A2A1290C0E7}.Debug|x86.ActiveCfg = Debug|Win32
		{A4198B71-D72C-4C1A-9FA2-6A2A1290C0E7}.Debug|x86.Build.0 = Debug|Win32
		{A4198B71-D72C-4C1A-9FA2-6A2A1290C0E7}.Release|x64.ActiveCfg = Release|x64
		{A4198B71-D72C-4C1A-9FA2-6A2A1290C0E7}.Release|x64.Build.0 = Release|x64
		{A4198B71-D72C-4C1A-9FA2-6A2A1290C0E7}.Release|x86.ActiveCfg = Release|Win32
		{A4198B71-D72C-4C1A-9FA2-6A2A1290C0E7}.Release|x86.Build.0 = Release|Win32
		{25420802-CA45-42A3-9D95-42F2A0BD9D5B}.Debug|x64.ActiveCfg = Debug|x64
		{25420802-CA45-42A3-9D95-42F2A0BD9D5B}.Debug|x64.Build.0 = Debug|x64
		{25420802-CA45-42A3-9D95-42F2A0BD9D5B}.Debug|x86.ActiveCfg = Debug|Win32
		{25420802-CA45-42A3-9D95-42F2A0BD9D5B}.Debug|x86.Build.0 = Debug|Win32
		{25420802-CA45-42A3-9D95-42F2A0BD9D5B}.Release|x64.ActiveCfg = Release|x64
		{25420802-CA45-42A3-9D95-42F2A0BD9D5B}.Release|x64.Build.0 = Release|x64
		{25420802-CA45-42A3-9D95-42F2A0BD9D5B}.Release|x86.ActiveCfg = Release|Win32
		{25420802-CA45-42A3-9D95-42F2A0BD9D5B}.Release|x86.Build.0 = Release|Win32
		{C01F45AA-4D17-4F5E-8A65-81CC34F5FC66}.Debug|x64.ActiveCfg = Debug|x64
		{C01F45AA-4D17-4F5E-8A65-81CC34F5FC66}.Debug|x64.Build.0 = Debug|x64
		{C01F45AA-4D17-4F5E-8A65-81CC34F5FC66}.Debug|x86.ActiveCfg = Debug|Win32
		{C01F45AA-4D17-4F5E-8A65-81CC34F5FC66}.Debug|x86.Build.0 = Debug|Win32
		{C01F45AA-4D17-4F5E-8A65-81CC34F5FC66}.Release|x64.ActiveCfg = Release|x64
		{C01F45AA-4D17-4F5E-8A65-81CC34F5FC66}.Release|x64.Build.0 = Release|x64
		{C01F45AA-4D17-4F5E-8A65-81CC34F5FC66}.Release|x86.ActiveCfg = Release|Win32
		{C01F45AA-4D17-4F5E-8A65-81CC34F5FC66}.Release|x86.Build.0 = Release|Win32
		{5383C252-B09C-4E86-B5EF-2D89B34A77A8}.Debug|x64.ActiveCfg = Debug|x64
		{5383C252-B09C-4E86-B5EF-2D89B34A77A8}.Debug|x64.Build.0 = Debug|x64
		{5383C252-B09C-4E86-B5EF-2D89B34A77A8}.Debug|x86.ActiveCfg = Debug|Win32
		{5383C252-B09C-4E86-B5EF-2D89B34A77A8}.Debug|x86.Build.0 = Debug|Win32
		{5383C252-B09C-4E86-B5EF-2D89B34A77A8}.Release|x64.ActiveCfg = Release|x64
		{5383C252-B09C-4E86-B5EF-2D89B34A77A8}.Release|x64.Build.0 = Release|x64
		{5383C252-B09C-4E86-B5EF-2D89B34A77A8}.Release|x86.ActiveCfg = Release|Win32
		{5383C252-B09C-4E86-B5EF-2D89B34A77A8}.Release|x86.Build.0 = Release|Win32
	EndGlobalSection
	GlobalSection(SolutionProperties) = preSolution
		HideSolutionNode = FALSE
	EndGlobalSection
	GlobalSection(NestedProjects) = preSolution
		{8143011A-3EE0-43E8-863D-52E8FD3AF19A} = {63CE95E6-B1B0-4F3B-8F2D-C246DC568106}
		{A4198B71-D72C-4C1A-9FA2-6A2A1290C0E7} = {9612FCA4-0C47-47B6-ABF2-0C08A91CF701}
		{25420802-CA45-42A3-9D95-42F2A0BD9D5B} = {C1F5D146-01BD-464F-A1AD-0DBA4B242DE0}
		{C01F45AA-4D17-4F5E-8A65-81CC34F5FC66} = {4CF92DB4-3A44-40C8-B352-C5275C84F678}
		{5383C252-B09C-4E86-B5EF-2D89B34A77A8} = {6CC2D2DB-7774-4991-B64D-CF02C10A28BC}
	EndGlobalSection
	GlobalSection(ExtensibilityGlobals) = postSolution
		SolutionGuid = {130D5586-127C-4DDD-BA0B-2099C891E32B}
	EndGlobalSection
EndGlobal
