<?xml version="1.0" encoding="utf-8"?>
<Project ToolsVersion="4.0" xmlns="http://schemas.microsoft.com/developer/msbuild/2003">
  <ItemGroup>
    <ClInclude Include="PlayLevel0.h">
      <Filter>Level0</Filter>
    </ClInclude>
    <ClInclude Include="EndingLevel0.h">
      <Filter>Level0</Filter>
    </ClInclude>
    <ClInclude Include="TitleLevel.h">
      <Filter>Level0</Filter>
    </ClInclude>
    <ClInclude Include="Player.h" />
  </ItemGroup>
  <ItemGroup>
    <ClCompile Include="PlayLevel0.cpp">
      <Filter>Level0</Filter>
    </ClCompile>
    <ClCompile Include="EndingLevel0.cpp">
      <Filter>Level0</Filter>
    </ClCompile>
    <ClCompile Include="TitleLevel.cpp">
      <Filter>Level0</Filter>
    </ClCompile>
    <ClCompile Include="Player.cpp" />
  </ItemGroup>
  <ItemGroup>
    <Filter Include="Level0">
      <UniqueIdentifier>{e7a26ce0-8319-434d-92c4-6ee5400cd232}</UniqueIdentifier>
    </Filter>
  </ItemGroup>
</Project>