
Microsoft Visual Studio Solution File, Format Version 12.00
# Visual Studio Version 17
VisualStudioVersion = 17.5.33424.131
MinimumVisualStudioVersion = 10.0.40219.1
Project("{2150E333-8FDC-42A3-9474-1A3956D46DE8}") = "DOC", "DOC", "{7B376A9D-9FF9-4A76-8AA2-951F2B7F3217}"
EndProject
Project("{2150E333-8FDC-42A3-9474-1A3956D46DE8}") = "Level0", "Level0", "{26A2BD78-0E47-4716-BC98-3E4E0DB7CE10}"
EndProject
Project("{2150E333-8FDC-42A3-9474-1A3956D46DE8}") = "Level1", "Level1", "{23FBC5E4-E12C-4372-A274-1B7AE03EAC73}"
EndProject
Project("{2150E333-8FDC-42A3-9474-1A3956D46DE8}") = "Level2", "Level2", "{0BB736D4-48D0-4CFB-A8C2-DDEB5DD1392A}"
EndProject
Project("{2150E333-8FDC-42A3-9474-1A3956D46DE8}") = "Level3", "Level3", "{6AAF0B40-B0EC-46F6-9EEA-067063EF175C}"
EndProject
Project("{2150E333-8FDC-42A3-9474-1A3956D46DE8}") = "Level4", "Level4", "{0F13A56A-30E0-40D7-8A37-2AB6B75B8914}"
EndProject
Project("{8BC9CEB8-8B4A-11D0-8D11-00A0C91BC942}") = "GameEngineBase", "GameEngineBase\GameEngineBase.vcxproj", "{EB8EC0D2-09C9-4311-84BA-FDD160AB71EB}"
EndProject
Project("{8BC9CEB8-8B4A-11D0-8D11-00A0C91BC942}") = "GameEnginePlatform", "GameEnginePlatform\GameEnginePlatform.vcxproj", "{E67080BB-FAF6-4E7B-AC1B-C5D7F52D1147}"
EndProject
Project("{8BC9CEB8-8B4A-11D0-8D11-00A0C91BC942}") = "GameEngineCore", "GameEngineCore\GameEngineCore.vcxproj", "{00E86A6A-9FBE-4A08-B3F8-A63A3871CF3D}"
EndProject
Project("{8BC9CEB8-8B4A-11D0-8D11-00A0C91BC942}") = "BabaContents", "BabaContents\BabaContents.vcxproj", "{FB3FF231-12D4-4015-94E7-BC648FD536FB}"
EndProject
Project("{8BC9CEB8-8B4A-11D0-8D11-00A0C91BC942}") = "BabaIsYouApp", "BabaIsYouApp\BabaIsYouApp.vcxproj", "{C6B71C97-7B76-49D3-8481-6268F63029EA}"
EndProject
Global
	GlobalSection(SolutionConfigurationPlatforms) = preSolution
		Debug|x64 = Debug|x64
		Debug|x86 = Debug|x86
		Release|x64 = Release|x64
		Release|x86 = Release|x86
	EndGlobalSection
	GlobalSection(ProjectConfigurationPlatforms) = postSolution
		{EB8EC0D2-09C9-4311-84BA-FDD160AB71EB}.Debug|x64.ActiveCfg = Debug|x64
		{EB8EC0D2-09C9-4311-84BA-FDD160AB71EB}.Debug|x64.Build.0 = Debug|x64
		{EB8EC0D2-09C9-4311-84BA-FDD160AB71EB}.Debug|x86.ActiveCfg = Debug|Win32
		{EB8EC0D2-09C9-4311-84BA-FDD160AB71EB}.Debug|x86.Build.0 = Debug|Win32
		{EB8EC0D2-09C9-4311-84BA-FDD160AB71EB}.Release|x64.ActiveCfg = Release|x64
		{EB8EC0D2-09C9-4311-84BA-FDD160AB71EB}.Release|x64.Build.0 = Release|x64
		{EB8EC0D2-09C9-4311-84BA-FDD160AB71EB}.Release|x86.ActiveCfg = Release|Win32
		{EB8EC0D2-09C9-4311-84BA-FDD160AB71EB}.Release|x86.Build.0 = Release|Win32
		{E67080BB-FAF6-4E7B-AC1B-C5D7F52D1147}.Debug|x64.ActiveCfg = Debug|x64
		{E67080BB-FAF6-4E7B-AC1B-C5D7F52D1147}.Debug|x64.Build.0 = Debug|x64
		{E67080BB-FAF6-4E7B-AC1B-C5D7F52D1147}.Debug|x86.ActiveCfg = Debug|Win32
		{E67080BB-FAF6-4E7B-AC1B-C5D7F52D1147}.Debug|x86.Build.0 = Debug|Win32
		{E67080BB-FAF6-4E7B-AC1B-C5D7F52D1147}.Release|x64.ActiveCfg = Release|x64
		{E67080BB-FAF6-4E7B-AC1B-C5D7F52D1147}.Release|x64.Build.0 = Release|x64
		{E67080BB-FAF6-4E7B-AC1B-C5D7F52D1147}.Release|x86.ActiveCfg = Release|Win32
		{E67080BB-FAF6-4E7B-AC1B-C5D7F52D1147}.Release|x86.Build.0 = Release|Win32
		{00E86A6A-9FBE-4A08-B3F8-A63A3871CF3D}.Debug|x64.ActiveCfg = Debug|x64
		{00E86A6A-9FBE-4A08-B3F8-A63A3871CF3D}.Debug|x64.Build.0 = Debug|x64
		{00E86A6A-9FBE-4A08-B3F8-A63A3871CF3D}.Debug|x86.ActiveCfg = Debug|Win32
		{00E86A6A-9FBE-4A08-B3F8-A63A3871CF3D}.Debug|x86.Build.0 = Debug|Win32
		{00E86A6A-9FBE-4A08-B3F8-A63A3871CF3D}.Release|x64.ActiveCfg = Release|x64
		{00E86A6A-9FBE-4A08-B3F8-A63A3871CF3D}.Release|x64.Build.0 = Release|x64
		{00E86A6A-9FBE-4A08-B3F8-A63A3871CF3D}.Release|x86.ActiveCfg = Release|Win32
		{00E86A6A-9FBE-4A08-B3F8-A63A3871CF3D}.Release|x86.Build.0 = Release|Win32
		{FB3FF231-12D4-4015-94E7-BC648FD536FB}.Debug|x64.ActiveCfg = Debug|x64
		{FB3FF231-12D4-4015-94E7-BC648FD536FB}.Debug|x64.Build.0 = Debug|x64
		{FB3FF231-12D4-4015-94E7-BC648FD536FB}.Debug|x86.ActiveCfg = Debug|Win32
		{FB3FF231-12D4-4015-94E7-BC648FD536FB}.Debug|x86.Build.0 = Debug|Win32
		{FB3FF231-12D4-4015-94E7-BC648FD536FB}.Release|x64.ActiveCfg = Release|x64
		{FB3FF231-12D4-4015-94E7-BC648FD536FB}.Release|x64.Build.0 = Release|x64
		{FB3FF231-12D4-4015-94E7-BC648FD536FB}.Release|x86.ActiveCfg = Release|Win32
		{FB3FF231-12D4-4015-94E7-BC648FD536FB}.Release|x86.Build.0 = Release|Win32
		{C6B71C97-7B76-49D3-8481-6268F63029EA}.Debug|x64.ActiveCfg = Debug|x64
		{C6B71C97-7B76-49D3-8481-6268F63029EA}.Debug|x64.Build.0 = Debug|x64
		{C6B71C97-7B76-49D3-8481-6268F63029EA}.Debug|x86.ActiveCfg = Debug|Win32
		{C6B71C97-7B76-49D3-8481-6268F63029EA}.Debug|x86.Build.0 = Debug|Win32
		{C6B71C97-7B76-49D3-8481-6268F63029EA}.Release|x64.ActiveCfg = Release|x64
		{C6B71C97-7B76-49D3-8481-6268F63029EA}.Release|x64.Build.0 = Release|x64
		{C6B71C97-7B76-49D3-8481-6268F63029EA}.Release|x86.ActiveCfg = Release|Win32
		{C6B71C97-7B76-49D3-8481-6268F63029EA}.Release|x86.Build.0 = Release|Win32
	EndGlobalSection
	GlobalSection(SolutionProperties) = preSolution
		HideSolutionNode = FALSE
	EndGlobalSection
	GlobalSection(NestedProjects) = preSolution
		{EB8EC0D2-09C9-4311-84BA-FDD160AB71EB} = {26A2BD78-0E47-4716-BC98-3E4E0DB7CE10}
		{E67080BB-FAF6-4E7B-AC1B-C5D7F52D1147} = {23FBC5E4-E12C-4372-A274-1B7AE03EAC73}
		{00E86A6A-9FBE-4A08-B3F8-A63A3871CF3D} = {0BB736D4-48D0-4CFB-A8C2-DDEB5DD1392A}
		{FB3FF231-12D4-4015-94E7-BC648FD536FB} = {6AAF0B40-B0EC-46F6-9EEA-067063EF175C}
		{C6B71C97-7B76-49D3-8481-6268F63029EA} = {0F13A56A-30E0-40D7-8A37-2AB6B75B8914}
	EndGlobalSection
	GlobalSection(ExtensibilityGlobals) = postSolution
		SolutionGuid = {FEC00455-E10B-4528-8C31-9191F455F432}
	EndGlobalSection
EndGlobal
